{
  "requires": true,
  "lockfileVersion": 1,
  "dependencies": {
    "ay": {
      "version": "0.1.1",
      "resolved": "https://registry.npmjs.org/ay/-/ay-0.1.1.tgz",
      "integrity": "sha1-rNZZfkz3qvMUxZW0SJPRj9y2EvQ=",
      "requires": {
        "co": "^3.0.6"
      }
    },
    "co": {
      "version": "3.1.0",
      "resolved": "https://registry.npmjs.org/co/-/co-3.1.0.tgz",
      "integrity": "sha1-TqVOpaCJOBUxheFSEMaNkJK8G3g="
    },
    "one-time": {
      "version": "0.0.4",
      "resolved": "https://registry.npmjs.org/one-time/-/one-time-0.0.4.tgz",
      "integrity": "sha1-+M33eISCb+Tf+T46nMN7HkSAdC4="
    },
    "say": {
      "version": "0.15.0",
      "resolved": "https://registry.npmjs.org/say/-/say-0.15.0.tgz",
      "integrity": "sha512-X/vJ/ETDUnU0WZVJ1HA6AHzJJzT0PvFuZyThJ76wkqwsgcgvqJVH3tf+EqHdDBgANdYUEEmqzYo6I31cvT08pQ==",
      "requires": {
        "one-time": "0.0.4"
      }
    }
  }
}
